github.com/axiomhq/hyperloglog v0.2.6 h1:sRhvvF3RIXWQgAXaTphLp4yJiX4S0IN3MWTaAgZoRJw=
github.com/axiomhq/hyperloglog v0.2.6/go.mod h1:YjX/dQqCR/7QYX0g8mu8UZAjpIenz1FKM71UEsjFoTo=
github.com/dgryski/go-metro v0.0.0-20250106013310-edb8663e5e33 h1:ucRHb6/lvW/+mTEIGbvhcYU3S8+uSNkuMjx/qZFfhtM=
github.com/dgryski/go-metro v0.0.0-20250106013310-edb8663e5e33/go.mod h1:c9O8+fpSOX1DM8cPNSkX/qsBWdkD4yd2dpciOWQjpBw=
github.com/kamstrup/intmap v0.5.2 h1:qnwBm1mh4XAnW9W9Ue9tZtTff8pS6+s6iKF6JRIV2Dk=
github.com/kamstrup/intmap v0.5.2/go.mod h1:gWUVWHKzWj8xpJVFf5GC0O26bWmv3GqdnIX/LMT6Aq4=
golang.org/x/net v0.54.0 h1:2zJIZAxAHV/OHCDTCOHAYehQzLfSXuf/5SoL/Dv6w/w=
golang.org/x/net v0.54.0/go.mod h1:Sj4oj8jK6XmHpBZU/zWHw3BV3abl4Kvi+Ut7cQcY+cQ=
golang.org/x/sys v0.44.0 h1:ildZl3J4uzeKP07r2F++Op7E9B29JRUy+a27EibtBTQ=
golang.org/x/sys v0.44.0/go.mod h1:4GL1E5IUh+htKOUEOaiffhrAeqysfVGipDYzABqnCmw=
